
Microsoft Visual Studio Solution File, Format Version 12.00
# Visual Studio Version 16
VisualStudioVersion = 16.0.29519.87
MinimumVisualStudioVersion = 10.0.40219.1
Project("{FAE04EC0-301F-11D3-BF4B-00C04F79EFBC}") = "QuickBuy.Dominio", "QuickBuy.Dominio\QuickBuy.Dominio.csproj", "{0F2DE710-5102-4C22-A3DE-EFCD5402B14A}"
EndProject
Project("{FAE04EC0-301F-11D3-BF4B-00C04F79EFBC}") = "QuickBuy.Repositorio", "QuickBuy.Repositorio\QuickBuy.Repositorio.csproj", "{80228BEA-66FF-4630-AFAC-AB2C0FE9B7CA}"
EndProject
Project("{FAE04EC0-301F-11D3-BF4B-00C04F79EFBC}") = "QuickBuy.Web", "QuickBuy.Web\QuickBuy.Web.csproj", "{7C07FD24-B3DB-4F67-9479-ADD66F1CD7D6}"
EndProject
Global
	GlobalSection(SolutionConfigurationPlatforms) = preSolution
		Debug|Any CPU = Debug|Any CPU
		Release|Any CPU = Release|Any CPU
	EndGlobalSection
	GlobalSection(ProjectConfigurationPlatforms) = postSolution
		{0F2DE710-5102-4C22-A3DE-EFCD5402B14A}.Debug|Any CPU.ActiveCfg = Debug|Any CPU
		{0F2DE710-5102-4C22-A3DE-EFCD5402B14A}.Debug|Any CPU.Build.0 = Debug|Any CPU
		{0F2DE710-5102-4C22-A3DE-EFCD5402B14A}.Release|Any CPU.ActiveCfg = Release|Any CPU
		{0F2DE710-5102-4C22-A3DE-EFCD5402B14A}.Release|Any CPU.Build.0 = Release|Any CPU
		{80228BEA-66FF-4630-AFAC-AB2C0FE9B7CA}.Debug|Any CPU.ActiveCfg = Debug|Any CPU
		{80228BEA-66FF-4630-AFAC-AB2C0FE9B7CA}.Debug|Any CPU.Build.0 = Debug|Any CPU
		{80228BEA-66FF-4630-AFAC-AB2C0FE9B7CA}.Release|Any CPU.ActiveCfg = Release|Any CPU
		{80228BEA-66FF-4630-AFAC-AB2C0FE9B7CA}.Release|Any CPU.Build.0 = Release|Any CPU
		{7C07FD24-B3DB-4F67-9479-ADD66F1CD7D6}.Debug|Any CPU.ActiveCfg = Debug|Any CPU
		{7C07FD24-B3DB-4F67-9479-ADD66F1CD7D6}.Debug|Any CPU.Build.0 = Debug|Any CPU
		{7C07FD24-B3DB-4F67-9479-ADD66F1CD7D6}.Release|Any CPU.ActiveCfg = Release|Any CPU
		{7C07FD24-B3DB-4F67-9479-ADD66F1CD7D6}.Release|Any CPU.Build.0 = Release|Any CPU
	EndGlobalSection
	GlobalSection(SolutionProperties) = preSolution
		HideSolutionNode = FALSE
	EndGlobalSection
	GlobalSection(ExtensibilityGlobals) = postSolution
		SolutionGuid = {12D54277-A948-485C-8804-E1E95B004F4A}
	EndGlobalSection
EndGlobal
